PODS:
  - AparajitaCapacitorSecureStorage (8.0.0):
    - Capacitor
    - KeychainSwift (~> 21.0)
  - Capacitor (8.4.1):
    - CapacitorCordova
  - CapacitorApp (8.1.0):
    - Capacitor
  - CapacitorCordova (8.4.1)
  - CapacitorKeyboard (8.0.5):
    - Capacitor
  - CapacitorPushNotifications (8.1.1):
    - Capacitor
  - CapacitorStatusBar (8.0.2):
    - Capacitor
  - KeychainSwift (21.0.0)

DEPENDENCIES:
  - "AparajitaCapacitorSecureStorage (from `../../../../node_modules/.bun/@aparajita+capacitor-secure-storage@8.0.0/node_modules/@aparajita/capacitor-secure-storage`)"
  - "Capacitor (from `../../../../node_modules/.bun/@capacitor+ios@8.4.1+767ac80cbab8ae50/node_modules/@capacitor/ios`)"
  - "CapacitorApp (from `../../../../node_modules/.bun/@capacitor+app@8.1.0+767ac80cbab8ae50/node_modules/@capacitor/app`)"
  - "CapacitorCordova (from `../../../../node_modules/.bun/@capacitor+ios@8.4.1+767ac80cbab8ae50/node_modules/@capacitor/ios`)"
  - "CapacitorKeyboard (from `../../../../node_modules/.bun/@capacitor+keyboard@8.0.5+767ac80cbab8ae50/node_modules/@capacitor/keyboard`)"
  - "CapacitorPushNotifications (from `../../../../node_modules/.bun/@capacitor+push-notifications@8.1.1+767ac80cbab8ae50/node_modules/@capacitor/push-notifications`)"
  - "CapacitorStatusBar (from `../../../../node_modules/.bun/@capacitor+status-bar@8.0.2+767ac80cbab8ae50/node_modules/@capacitor/status-bar`)"

SPEC REPOS:
  trunk:
    - KeychainSwift

EXTERNAL SOURCES:
  AparajitaCapacitorSecureStorage:
    :path: "../../../../node_modules/.bun/@aparajita+capacitor-secure-storage@8.0.0/node_modules/@aparajita/capacitor-secure-storage"
  Capacitor:
    :path: "../../../../node_modules/.bun/@capacitor+ios@8.4.1+767ac80cbab8ae50/node_modules/@capacitor/ios"
  CapacitorApp:
    :path: "../../../../node_modules/.bun/@capacitor+app@8.1.0+767ac80cbab8ae50/node_modules/@capacitor/app"
  CapacitorCordova:
    :path: "../../../../node_modules/.bun/@capacitor+ios@8.4.1+767ac80cbab8ae50/node_modules/@capacitor/ios"
  CapacitorKeyboard:
    :path: "../../../../node_modules/.bun/@capacitor+keyboard@8.0.5+767ac80cbab8ae50/node_modules/@capacitor/keyboard"
  CapacitorPushNotifications:
    :path: "../../../../node_modules/.bun/@capacitor+push-notifications@8.1.1+767ac80cbab8ae50/node_modules/@capacitor/push-notifications"
  CapacitorStatusBar:
    :path: "../../../../node_modules/.bun/@capacitor+status-bar@8.0.2+767ac80cbab8ae50/node_modules/@capacitor/status-bar"

SPEC CHECKSUMS:
  AparajitaCapacitorSecureStorage: 8128d05cafcb13b00448e20fb388a0edccd44b12
  Capacitor: 35242afe195b1e53c58ca1b827d1b444c5e6602b
  CapacitorApp: 449ffe26375e96f8aaaee625ac6e01e5c57c8650
  CapacitorCordova: eebe6bcf807b1b06f3f48237650f96bbcd0eef09
  CapacitorKeyboard: b6b0744890cdb1d9a96e2cafcc9253fdcc55de3b
  CapacitorPushNotifications: ec08d589c226a2c0db7c032ec1bf5b044ec85f8e
  CapacitorStatusBar: 01d5763b4ed720de5ce2edbc938de6a98f4c8f32
  KeychainSwift: 4a71a45c802fd9e73906457c2dcbdbdc06c9419d

PODFILE CHECKSUM: b454ca51f8e976df17205fedeef2e20179798dde

COCOAPODS: 1.17.0
